Microsoft Visual Studio Solution File, Format Version 12.00
# Visual Studio Version 17
VisualStudioVersion = 17.5.2.0
MinimumVisualStudioVersion = 10.0.40219.1
Project("{2150E333-8FDC-42A3-9474-1A3956D46DE8}") = "csharp", "csharp", "{B41BF331-FCCB-2ADF-CDB6-767964B34647}"
EndProject
Project("{FAE04EC0-301F-11D3-BF4B-00C04F79EFBC}") = "BlueprintAPI", "csharp\BlueprintAPI\BlueprintAPI.csproj", "{D9134727-E39B-2A3B-2DBE-97C33653DAE9}"
EndProject
Project("{FAE04EC0-301F-11D3-BF4B-00C04F79EFBC}") = "Textract", "csharp\Textract\Textract.csproj", "{B17C7D54-E7AD-EB01-6A65-C88A5B75ED5A}"
EndProject
Project("{FAE04EC0-301F-11D3-BF4B-00C04F79EFBC}") = "AnalyzeDocument", "csharp\AnalyzeDocument\AnalyzeDocument.csproj", "{76081F92-AC04-CB64-0AFB-B00857A62707}"
EndProject
Global
	GlobalSection(SolutionConfigurationPlatforms) = preSolution
		Debug|Any CPU = Debug|Any CPU
		Release|Any CPU = Release|Any CPU
	EndGlobalSection
	GlobalSection(ProjectConfigurationPlatforms) = postSolution
		{D9134727-E39B-2A3B-2DBE-97C33653DAE9}.Debug|Any CPU.ActiveCfg = Debug|Any CPU
		{D9134727-E39B-2A3B-2DBE-97C33653DAE9}.Debug|Any CPU.Build.0 = Debug|Any CPU
		{D9134727-E39B-2A3B-2DBE-97C33653DAE9}.Release|Any CPU.ActiveCfg = Release|Any CPU
		{D9134727-E39B-2A3B-2DBE-97C33653DAE9}.Release|Any CPU.Build.0 = Release|Any CPU
		{B17C7D54-E7AD-EB01-6A65-C88A5B75ED5A}.Debug|Any CPU.ActiveCfg = Debug|Any CPU
		{B17C7D54-E7AD-EB01-6A65-C88A5B75ED5A}.Debug|Any CPU.Build.0 = Debug|Any CPU
		{B17C7D54-E7AD-EB01-6A65-C88A5B75ED5A}.Release|Any CPU.ActiveCfg = Release|Any CPU
		{B17C7D54-E7AD-EB01-6A65-C88A5B75ED5A}.Release|Any CPU.Build.0 = Release|Any CPU
		{76081F92-AC04-CB64-0AFB-B00857A62707}.Debug|Any CPU.ActiveCfg = Debug|Any CPU
		{76081F92-AC04-CB64-0AFB-B00857A62707}.Debug|Any CPU.Build.0 = Debug|Any CPU
		{76081F92-AC04-CB64-0AFB-B00857A62707}.Release|Any CPU.ActiveCfg = Release|Any CPU
		{76081F92-AC04-CB64-0AFB-B00857A62707}.Release|Any CPU.Build.0 = Release|Any CPU
	EndGlobalSection
	GlobalSection(SolutionProperties) = preSolution
		HideSolutionNode = FALSE
	EndGlobalSection
	GlobalSection(NestedProjects) = preSolution
		{D9134727-E39B-2A3B-2DBE-97C33653DAE9} = {B41BF331-FCCB-2ADF-CDB6-767964B34647}
		{B17C7D54-E7AD-EB01-6A65-C88A5B75ED5A} = {B41BF331-FCCB-2ADF-CDB6-767964B34647}
		{76081F92-AC04-CB64-0AFB-B00857A62707} = {B41BF331-FCCB-2ADF-CDB6-767964B34647}
	EndGlobalSection
	GlobalSection(ExtensibilityGlobals) = postSolution
		SolutionGuid = {0C125B88-10AC-498A-8114-633167297948}
	EndGlobalSection
EndGlobal
